
Microsoft Visual Studio Solution File, Format Version 12.00
# Visual Studio Version 17
VisualStudioVersion = 17.13.35919.96 d17.13
MinimumVisualStudioVersion = 10.0.40219.1
Project("{FAE04EC0-301F-11D3-BF4B-00C04F79EFBC}") = "LabChurakov4", "LabChurakov4\LabChurakov4.csproj", "{32F50B59-A38C-4C0D-B1C7-21B55C78CDF8}"
EndProject
Global
	GlobalSection(SolutionConfigurationPlatforms) = preSolution
		Debug|Any CPU = Debug|Any CPU
		Release|Any CPU = Release|Any CPU
	EndGlobalSection
	GlobalSection(ProjectConfigurationPlatforms) = postSolution
		{32F50B59-A38C-4C0D-B1C7-21B55C78CDF8}.Debug|Any CPU.ActiveCfg = Debug|Any CPU
		{32F50B59-A38C-4C0D-B1C7-21B55C78CDF8}.Debug|Any CPU.Build.0 = Debug|Any CPU
		{32F50B59-A38C-4C0D-B1C7-21B55C78CDF8}.Release|Any CPU.ActiveCfg = Release|Any CPU
		{32F50B59-A38C-4C0D-B1C7-21B55C78CDF8}.Release|Any CPU.Build.0 = Release|Any CPU
	EndGlobalSection
	GlobalSection(SolutionProperties) = preSolution
		HideSolutionNode = FALSE
	EndGlobalSection
	GlobalSection(ExtensibilityGlobals) = postSolution
		SolutionGuid = {A764023D-F655-44E3-9367-58EFE181178C}
	EndGlobalSection
EndGlobal
